<?xml version="1.0" encoding="utf-8"?>
<Project ToolsVersion="4.0" xmlns="http://schemas.microsoft.com/developer/msbuild/2003">
  <ItemGroup>
    <Filter Include="소스 파일">
      <UniqueIdentifier>{4FC737F1-C7A5-4376-A066-2A32D752A2FF}</UniqueIdentifier>
      <Extensions>cpp;c;cc;cxx;def;odl;idl;hpj;bat;asm;asmx</Extensions>
    </Filter>
    <Filter Include="헤더 파일">
      <UniqueIdentifier>{93995380-89BD-4b04-88EB-625FBE52EBFB}</UniqueIdentifier>
      <Extensions>h;hpp;hxx;hm;inl;inc;xsd</Extensions>
    </Filter>
    <Filter Include="리소스 파일">
      <UniqueIdentifier>{67DA6AB6-F800-4c08-8B7A-83BB121AAD01}</UniqueIdentifier>
      <Extensions>rc;ico;cur;bmp;dlg;rc2;rct;bin;rgs;gif;jpg;jpeg;jpe;resx;tiff;tif;png;wav;mfcribbon-ms</Extensions>
    </Filter>
  </ItemGroup>
  <ItemGroup>
    <ClCompile Include="..\at91sam7se-ek\basic-usart-hw-handshaking-project\LED_Display.c">
      <Filter>소스 파일</Filter>
    </ClCompile>
    <ClCompile Include="..\at91sam7se-ek\basic-usart-hw-handshaking-project\main.c">
      <Filter>소스 파일</Filter>
    </ClCompile>
    <ClCompile Include="..\at91sam7se-ek\basic-usart-hw-handshaking-project\UART.c">
      <Filter>소스 파일</Filter>
    </ClCompile>
    <ClCompile Include="..\at91sam7se-ek\basic-usart-hw-handshaking-project\SPI_FUN.c">
      <Filter>소스 파일</Filter>
    </ClCompile>
    <ClCompile Include="..\at91sam7se-ek\basic-usart-hw-handshaking-project\printf_usart.c">
      <Filter>소스 파일</Filter>
    </ClCompile>
    <ClCompile Include="..\at91lib\boards\at91sam7se-ek\board_lowlevel.c">
      <Filter>소스 파일</Filter>
    </ClCompile>
    <ClCompile Include="..\at91lib\boards\at91sam7se-ek\board_memories.c">
      <Filter>소스 파일</Filter>
    </ClCompile>
    <ClCompile Include="..\at91lib\memories\MEDDdram.c">
      <Filter>소스 파일</Filter>
    </ClCompile>
    <ClCompile Include="..\at91lib\memories\MEDFlash.c">
      <Filter>소스 파일</Filter>
    </ClCompile>
    <ClCompile Include="..\at91lib\memories\Media.c">
      <Filter>소스 파일</Filter>
    </ClCompile>
    <ClCompile Include="..\at91lib\memories\MEDNandFlash.c">
      <Filter>소스 파일</Filter>
    </ClCompile>
    <ClCompile Include="..\at91lib\memories\MEDRamDisk.c">
      <Filter>소스 파일</Filter>
    </ClCompile>
    <ClCompile Include="..\at91lib\memories\MEDSdcard.c">
      <Filter>소스 파일</Filter>
    </ClCompile>
    <ClCompile Include="..\at91lib\memories\MEDSdmmc.c">
      <Filter>소스 파일</Filter>
    </ClCompile>
    <ClCompile Include="..\at91lib\memories\MEDSdram.c">
      <Filter>소스 파일</Filter>
    </ClCompile>
    <ClCompile Include="..\at91lib\memories\spi-flash\at26.c">
      <Filter>소스 파일</Filter>
    </ClCompile>
    <ClCompile Include="..\at91lib\memories\spi-flash\at26d.c">
      <Filter>소스 파일</Filter>
    </ClCompile>
    <ClCompile Include="..\at91lib\memories\spi-flash\at45.c">
      <Filter>소스 파일</Filter>
    </ClCompile>
    <ClCompile Include="..\at91lib\memories\spi-flash\at45d.c">
      <Filter>소스 파일</Filter>
    </ClCompile>
    <ClCompile Include="..\at91lib\memories\spi-flash\spid.c">
      <Filter>소스 파일</Filter>
    </ClCompile>
    <ClCompile Include="..\at91lib\memories\sdmmc\sdmmc_mci.c">
      <Filter>소스 파일</Filter>
    </ClCompile>
    <ClCompile Include="..\at91lib\memories\sdmmc\sdmmc_spi.c">
      <Filter>소스 파일</Filter>
    </ClCompile>
    <ClCompile Include="..\at91lib\memories\sdmmc\sdspi.c">
      <Filter>소스 파일</Filter>
    </ClCompile>
    <ClCompile Include="..\at91lib\memories\norflash\NorFlashAmd.c">
      <Filter>소스 파일</Filter>
    </ClCompile>
    <ClCompile Include="..\at91lib\memories\norflash\NorFlashApi.c">
      <Filter>소스 파일</Filter>
    </ClCompile>
    <ClCompile Include="..\at91lib\memories\norflash\NorFlashCFI.c">
      <Filter>소스 파일</Filter>
    </ClCompile>
    <ClCompile Include="..\at91lib\memories\norflash\NorFlashCommon.c">
      <Filter>소스 파일</Filter>
    </ClCompile>
    <ClCompile Include="..\at91lib\memories\norflash\NorFlashIntel.c">
      <Filter>소스 파일</Filter>
    </ClCompile>
    <ClCompile Include="..\at91lib\memories\nandflash\EccNandFlash.c">
      <Filter>소스 파일</Filter>
    </ClCompile>
    <ClCompile Include="..\at91lib\memories\nandflash\ManagedNandFlash.c">
      <Filter>소스 파일</Filter>
    </ClCompile>
    <ClCompile Include="..\at91lib\memories\nandflash\MappedNandFlash.c">
      <Filter>소스 파일</Filter>
    </ClCompile>
    <ClCompile Include="..\at91lib\memories\nandflash\NandFlashModel.c">
      <Filter>소스 파일</Filter>
    </ClCompile>
    <ClCompile Include="..\at91lib\memories\nandflash\NandFlashModelList.c">
      <Filter>소스 파일</Filter>
    </ClCompile>
    <ClCompile Include="..\at91lib\memories\nandflash\NandSpareScheme.c">
      <Filter>소스 파일</Filter>
    </ClCompile>
    <ClCompile Include="..\at91lib\memories\nandflash\RawNandFlash.c">
      <Filter>소스 파일</Filter>
    </ClCompile>
    <ClCompile Include="..\at91lib\memories\nandflash\SkipBlockNandFlash.c">
      <Filter>소스 파일</Filter>
    </ClCompile>
    <ClCompile Include="..\at91lib\memories\nandflash\TranslatedNandFlash.c">
      <Filter>소스 파일</Filter>
    </ClCompile>
    <ClCompile Include="..\at91lib\peripherals\aic\aic.c">
      <Filter>소스 파일</Filter>
    </ClCompile>
    <ClCompile Include="..\at91lib\peripherals\cp15\cp15.c">
      <Filter>소스 파일</Filter>
    </ClCompile>
    <ClCompile Include="..\at91lib\peripherals\pio\pio.c">
      <Filter>소스 파일</Filter>
    </ClCompile>
    <ClCompile Include="..\at91lib\peripherals\pit\pit.c">
      <Filter>소스 파일</Filter>
    </ClCompile>
    <ClCompile Include="..\at91lib\peripherals\pmc\pmc.c">
      <Filter>소스 파일</Filter>
    </ClCompile>
    <ClCompile Include="..\at91lib\peripherals\spi\spi.c">
      <Filter>소스 파일</Filter>
    </ClCompile>
    <ClCompile Include="..\at91lib\peripherals\tc\tc.c">
      <Filter>소스 파일</Filter>
    </ClCompile>
    <ClCompile Include="..\at91lib\peripherals\usart\usart.c">
      <Filter>소스 파일</Filter>
    </ClCompile>
    <ClCompile Include="..\at91lib\utility\hamming.c">
      <Filter>소스 파일</Filter>
    </ClCompile>
    <ClCompile Include="..\at91lib\utility\math.c">
      <Filter>소스 파일</Filter>
    </ClCompile>
    <ClCompile Include="..\at91sam7se-ek\basic-usart-hw-handshaking-project\Download.c">
      <Filter>소스 파일</Filter>
    </ClCompile>
  </ItemGroup>
  <ItemGroup>
    <ClInclude Include="..\at91sam7se-ek\basic-usart-hw-handshaking-project\LED_Display.h">
      <Filter>헤더 파일</Filter>
    </ClInclude>
    <ClInclude Include="..\at91sam7se-ek\basic-usart-hw-handshaking-project\UART.h">
      <Filter>헤더 파일</Filter>
    </ClInclude>
    <ClInclude Include="..\at91sam7se-ek\basic-usart-hw-handshaking-project\SPI_FUN.h">
      <Filter>헤더 파일</Filter>
    </ClInclude>
    <ClInclude Include="..\at91sam7se-ek\basic-usart-hw-handshaking-project\main.h">
      <Filter>헤더 파일</Filter>
    </ClInclude>
    <ClInclude Include="..\at91sam7se-ek\basic-usart-hw-handshaking-project\NorFlash.H">
      <Filter>헤더 파일</Filter>
    </ClInclude>
    <ClInclude Include="..\at91lib\boards\at91sam7se-ek\at91sam7se512\AT91SAM7SE512.h">
      <Filter>헤더 파일</Filter>
    </ClInclude>
    <ClInclude Include="..\at91lib\boards\at91sam7se-ek\board.h">
      <Filter>헤더 파일</Filter>
    </ClInclude>
    <ClInclude Include="..\at91lib\boards\at91sam7se-ek\board_memories.h">
      <Filter>헤더 파일</Filter>
    </ClInclude>
    <ClInclude Include="..\at91lib\memories\MEDDdram.h">
      <Filter>헤더 파일</Filter>
    </ClInclude>
    <ClInclude Include="..\at91lib\memories\MEDFlash.h">
      <Filter>헤더 파일</Filter>
    </ClInclude>
    <ClInclude Include="..\at91lib\memories\Media.h">
      <Filter>헤더 파일</Filter>
    </ClInclude>
    <ClInclude Include="..\at91lib\memories\MEDNandFlash.h">
      <Filter>헤더 파일</Filter>
    </ClInclude>
    <ClInclude Include="..\at91lib\memories\MEDRamDisk.h">
      <Filter>헤더 파일</Filter>
    </ClInclude>
    <ClInclude Include="..\at91lib\memories\MEDSdcard.h">
      <Filter>헤더 파일</Filter>
    </ClInclude>
    <ClInclude Include="..\at91lib\memories\MEDSdmmc.h">
      <Filter>헤더 파일</Filter>
    </ClInclude>
    <ClInclude Include="..\at91lib\memories\MEDSdram.h">
      <Filter>헤더 파일</Filter>
    </ClInclude>
    <ClInclude Include="..\at91lib\memories\spi-flash\at26.h">
      <Filter>헤더 파일</Filter>
    </ClInclude>
    <ClInclude Include="..\at91lib\memories\spi-flash\at26d.h">
      <Filter>헤더 파일</Filter>
    </ClInclude>
    <ClInclude Include="..\at91lib\memories\spi-flash\at45.h">
      <Filter>헤더 파일</Filter>
    </ClInclude>
    <ClInclude Include="..\at91lib\memories\spi-flash\at45d.h">
      <Filter>헤더 파일</Filter>
    </ClInclude>
    <ClInclude Include="..\at91lib\memories\spi-flash\spid.h">
      <Filter>헤더 파일</Filter>
    </ClInclude>
    <ClInclude Include="..\at91lib\memories\sdmmc\sdmmc_mci.h">
      <Filter>헤더 파일</Filter>
    </ClInclude>
    <ClInclude Include="..\at91lib\memories\sdmmc\sdmmc_spi.h">
      <Filter>헤더 파일</Filter>
    </ClInclude>
    <ClInclude Include="..\at91lib\memories\sdmmc\sdspi.h">
      <Filter>헤더 파일</Filter>
    </ClInclude>
    <ClInclude Include="..\at91lib\memories\norflash\NorFlashAmd.h">
      <Filter>헤더 파일</Filter>
    </ClInclude>
    <ClInclude Include="..\at91lib\memories\norflash\NorFlashApi.h">
      <Filter>헤더 파일</Filter>
    </ClInclude>
    <ClInclude Include="..\at91lib\memories\norflash\NorFlashCFI.h">
      <Filter>헤더 파일</Filter>
    </ClInclude>
    <ClInclude Include="..\at91lib\memories\norflash\NorFlashCommon.h">
      <Filter>헤더 파일</Filter>
    </ClInclude>
    <ClInclude Include="..\at91lib\memories\norflash\NorFlashIntel.h">
      <Filter>헤더 파일</Filter>
    </ClInclude>
    <ClInclude Include="..\at91lib\memories\nandflash\EccNandFlash.h">
      <Filter>헤더 파일</Filter>
    </ClInclude>
    <ClInclude Include="..\at91lib\memories\nandflash\ManagedNandFlash.h">
      <Filter>헤더 파일</Filter>
    </ClInclude>
    <ClInclude Include="..\at91lib\memories\nandflash\MappedNandFlash.h">
      <Filter>헤더 파일</Filter>
    </ClInclude>
    <ClInclude Include="..\at91lib\memories\nandflash\NandCommon.h">
      <Filter>헤더 파일</Filter>
    </ClInclude>
    <ClInclude Include="..\at91lib\memories\nandflash\NandFlashModel.h">
      <Filter>헤더 파일</Filter>
    </ClInclude>
    <ClInclude Include="..\at91lib\memories\nandflash\NandFlashModelList.h">
      <Filter>헤더 파일</Filter>
    </ClInclude>
    <ClInclude Include="..\at91lib\memories\nandflash\NandSpareScheme.h">
      <Filter>헤더 파일</Filter>
    </ClInclude>
    <ClInclude Include="..\at91lib\memories\nandflash\RawNandFlash.h">
      <Filter>헤더 파일</Filter>
    </ClInclude>
    <ClInclude Include="..\at91lib\memories\nandflash\SkipBlockNandFlash.h">
      <Filter>헤더 파일</Filter>
    </ClInclude>
    <ClInclude Include="..\at91lib\memories\nandflash\TranslatedNandFlash.h">
      <Filter>헤더 파일</Filter>
    </ClInclude>
    <ClInclude Include="..\at91lib\peripherals\aic\aic.h">
      <Filter>헤더 파일</Filter>
    </ClInclude>
    <ClInclude Include="..\at91lib\peripherals\cp15\cp15.h">
      <Filter>헤더 파일</Filter>
    </ClInclude>
    <ClInclude Include="..\at91lib\peripherals\dbgu\dbgu.h">
      <Filter>헤더 파일</Filter>
    </ClInclude>
    <ClInclude Include="..\at91lib\peripherals\pio\pio.h">
      <Filter>헤더 파일</Filter>
    </ClInclude>
    <ClInclude Include="..\at91lib\peripherals\pit\pit.h">
      <Filter>헤더 파일</Filter>
    </ClInclude>
    <ClInclude Include="..\at91lib\peripherals\pmc\pmc.h">
      <Filter>헤더 파일</Filter>
    </ClInclude>
    <ClInclude Include="..\at91lib\peripherals\spi\spi.h">
      <Filter>헤더 파일</Filter>
    </ClInclude>
    <ClInclude Include="..\at91lib\peripherals\tc\tc.h">
      <Filter>헤더 파일</Filter>
    </ClInclude>
    <ClInclude Include="..\at91lib\peripherals\usart\usart.h">
      <Filter>헤더 파일</Filter>
    </ClInclude>
    <ClInclude Include="..\at91lib\utility\assert.h">
      <Filter>헤더 파일</Filter>
    </ClInclude>
    <ClInclude Include="..\at91lib\utility\hamming.h">
      <Filter>헤더 파일</Filter>
    </ClInclude>
    <ClInclude Include="..\at91lib\utility\math.h">
      <Filter>헤더 파일</Filter>
    </ClInclude>
    <ClInclude Include="..\at91lib\utility\trace.h">
      <Filter>헤더 파일</Filter>
    </ClInclude>
    <ClInclude Include="..\at91sam7se-ek\basic-usart-hw-handshaking-project\Download.h">
      <Filter>헤더 파일</Filter>
    </ClInclude>
  </ItemGroup>
  <ItemGroup>
    <None Include="..\at91lib\boards\at91sam7se-ek\board_cstartup_iar.s" />
  </ItemGroup>
</Project>